// !$*UTF8*$!
{
	archiveVersion = 1;
	classes = {
	};
	objectVersion = 46;
	objects = {

/* Begin PBXBuildFile section */
		9E4AC6801AA4E8360042188A /* libsqlite3.0.dylib in Frameworks */ = {isa = PBXBuildFile; fileRef = 9E4AC67F1AA4E8360042188A /* libsqlite3.0.dylib */; };
		9E4AC6821AA4E84B0042188A /* UIKit.framework in Frameworks */ = {isa = PBXBuildFile; fileRef = 9E4AC6811AA4E84B0042188A /* UIKit.framework */; };
		9E4AC6841AA4E8860042188A /* CoreGraphics.framework in Frameworks */ = {isa = PBXBuildFile; fileRef = 9E4AC6831AA4E8860042188A /* CoreGraphics.framework */; };
		9E4AC6A61AA616E20042188A /* DBConstants.m in Sources */ = {isa = PBXBuildFile; fileRef = 9E4AC6901AA616E20042188A /* DBConstants.m */; };
		9E4AC6A71AA616E20042188A /* DBHelper.m in Sources */ = {isa = PBXBuildFile; fileRef = 9E4AC6921AA616E20042188A /* DBHelper.m */; };
		9E4AC6A81AA616E20042188A /* DictData.m in Sources */ = {isa = PBXBuildFile; fileRef = 9E4AC6941AA616E20042188A /* DictData.m */; };
		9E4AC6A91AA616E20042188A /* FMDatabase.m in Sources */ = {isa = PBXBuildFile; fileRef = 9E4AC6971AA616E20042188A /* FMDatabase.m */; };
		9E4AC6AA1AA616E20042188A /* FMDatabaseAdditions.m in Sources */ = {isa = PBXBuildFile; fileRef = 9E4AC6991AA616E20042188A /* FMDatabaseAdditions.m */; };
		9E4AC6AB1AA616E20042188A /* FMDatabasePool.m in Sources */ = {isa = PBXBuildFile; fileRef = 9E4AC69B1AA616E20042188A /* FMDatabasePool.m */; };
		9E4AC6AC1AA616E20042188A /* FMDatabaseQueue.m in Sources */ = {isa = PBXBuildFile; fileRef = 9E4AC69D1AA616E20042188A /* FMDatabaseQueue.m */; };
		9E4AC6AD1AA616E20042188A /* FMResultSet.m in Sources */ = {isa = PBXBuildFile; fileRef = 9E4AC6A01AA616E20042188A /* FMResultSet.m */; };
		9E4AC6B91AA618040042188A /* MenuVC.m in Sources */ = {isa = PBXBuildFile; fileRef = 9E4AC6B81AA618040042188A /* MenuVC.m */; };
		9E4AC6BC1AA618510042188A /* AboutVC.m in Sources */ = {isa = PBXBuildFile; fileRef = 9E4AC6BB1AA618510042188A /* AboutVC.m */; };
		9ED69A101A9397E30010E52B /* main.m in Sources */ = {isa = PBXBuildFile; fileRef = 9ED69A0F1A9397E30010E52B /* main.m */; };
		9ED69A131A9397E30010E52B /* AppDelegate.m in Sources */ = {isa = PBXBuildFile; fileRef = 9ED69A121A9397E30010E52B /* AppDelegate.m */; };
		9ED69A161A9397E30010E52B /* ViewController.m in Sources */ = {isa = PBXBuildFile; fileRef = 9ED69A151A9397E30010E52B /* ViewController.m */; };
		9ED69A191A9397E30010E52B /* Main.storyboard in Resources */ = {isa = PBXBuildFile; fileRef = 9ED69A171A9397E30010E52B /* Main.storyboard */; };
		9ED69A1B1A9397E30010E52B /* Images.xcassets in Resources */ = {isa = PBXBuildFile; fileRef = 9ED69A1A1A9397E30010E52B /* Images.xcassets */; };
		9ED69A1E1A9397E30010E52B /* LaunchScreen.xib in Resources */ = {isa = PBXBuildFile; fileRef = 9ED69A1C1A9397E30010E52B /* LaunchScreen.xib */; };
		9ED69A2A1A9397E30010E52B /* KozaModelsTests.m in Sources */ = {isa = PBXBuildFile; fileRef = 9ED69A291A9397E30010E52B /* KozaModelsTests.m */; };
		A99C2B84C3CB079C863B13DC /* libPods.a in Frameworks */ = {isa = PBXBuildFile; fileRef = 929221217D494F036D4D398D /* libPods.a */; };
/* End PBXBuildFile section */

/* Begin PBXContainerItemProxy section */
		9ED69A241A9397E30010E52B /* PBXContainerItemProxy */ = {
			isa = PBXContainerItemProxy;
			containerPortal = 9ED69A021A9397E30010E52B /* Project object */;
			proxyType = 1;
			remoteGlobalIDString = 9ED69A091A9397E30010E52B;
			remoteInfo = KozaModels;
		};
/* End PBXContainerItemProxy section */

/* Begin PBXFileReference section */
		1FB42DDFE814E84CDC2F35F3 /* Pods.debug.xcconfig */ = {isa = PBXFileReference; includeInIndex = 1; lastKnownFileType = text.xcconfig; name = Pods.debug.xcconfig; path = "Pods/Target Support Files/Pods/Pods.debug.xcconfig"; sourceTree = "<group>"; };
		36EA6D15ACF0AD05C56365FC /* Pods.release.xcconfig */ = {isa = PBXFileReference; includeInIndex = 1; lastKnownFileType = text.xcconfig; name = Pods.release.xcconfig; path = "Pods/Target Support Files/Pods/Pods.release.xcconfig"; sourceTree = "<group>"; };
		929221217D494F036D4D398D /* libPods.a */ = {isa = PBXFileReference; explicitFileType = archive.ar; includeInIndex = 0; path = libPods.a; sourceTree = BUILT_PRODUCTS_DIR; };
		9E4AC67F1AA4E8360042188A /* libsqlite3.0.dylib */ = {isa = PBXFileReference; lastKnownFileType = "compiled.mach-o.dylib"; name = libsqlite3.0.dylib; path = usr/lib/libsqlite3.0.dylib; sourceTree = SDKROOT; };
		9E4AC6811AA4E84B0042188A /* UIKit.framework */ = {isa = PBXFileReference; lastKnownFileType = wrapper.framework; name = UIKit.framework; path = System/Library/Frameworks/UIKit.framework; sourceTree = SDKROOT; };
		9E4AC6831AA4E8860042188A /* CoreGraphics.framework */ = {isa = PBXFileReference; lastKnownFileType = wrapper.framework; name = CoreGraphics.framework; path = System/Library/Frameworks/CoreGraphics.framework; sourceTree = SDKROOT; };
		9E4AC68F1AA616E20042188A /* DBConstants.h */ = {isa = PBXFileReference; fileEncoding = 4; lastKnownFileType = sourcecode.c.h; path = DBConstants.h; sourceTree = "<group>"; };
		9E4AC6901AA616E20042188A /* DBConstants.m */ = {isa = PBXFileReference; fileEncoding = 4; lastKnownFileType = sourcecode.c.objc; path = DBConstants.m; sourceTree = "<group>"; };
		9E4AC6911AA616E20042188A /* DBHelper.h */ = {isa = PBXFileReference; fileEncoding = 4; lastKnownFileType = sourcecode.c.h; path = DBHelper.h; sourceTree = "<group>"; };
		9E4AC6921AA616E20042188A /* DBHelper.m */ = {isa = PBXFileReference; fileEncoding = 4; lastKnownFileType = sourcecode.c.objc; path = DBHelper.m; sourceTree = "<group>"; };
		9E4AC6931AA616E20042188A /* DictData.h */ = {isa = PBXFileReference; fileEncoding = 4; lastKnownFileType = sourcecode.c.h; path = DictData.h; sourceTree = "<group>"; };
		9E4AC6941AA616E20042188A /* DictData.m */ = {isa = PBXFileReference; fileEncoding = 4; lastKnownFileType = sourcecode.c.objc; path = DictData.m; sourceTree = "<group>"; };
		9E4AC6961AA616E20042188A /* FMDatabase.h */ = {isa = PBXFileReference; fileEncoding = 4; lastKnownFileType = sourcecode.c.h; path = FMDatabase.h; sourceTree = "<group>"; };
		9E4AC6971AA616E20042188A /* FMDatabase.m */ = {isa = PBXFileReference; fileEncoding = 4; lastKnownFileType = sourcecode.c.objc; path = FMDatabase.m; sourceTree = "<group>"; };
		9E4AC6981AA616E20042188A /* FMDatabaseAdditions.h */ = {isa = PBXFileReference; fileEncoding = 4; lastKnownFileType = sourcecode.c.h; path = FMDatabaseAdditions.h; sourceTree = "<group>"; };
		9E4AC6991AA616E20042188A /* FMDatabaseAdditions.m */ = {isa = PBXFileReference; fileEncoding = 4; lastKnownFileType = sourcecode.c.objc; path = FMDatabaseAdditions.m; sourceTree = "<group>"; };
		9E4AC69A1AA616E20042188A /* FMDatabasePool.h */ = {isa = PBXFileReference; fileEncoding = 4; lastKnownFileType = sourcecode.c.h; path = FMDatabasePool.h; sourceTree = "<group>"; };
		9E4AC69B1AA616E20042188A /* FMDatabasePool.m */ = {isa = PBXFileReference; fileEncoding = 4; lastKnownFileType = sourcecode.c.objc; path = FMDatabasePool.m; sourceTree = "<group>"; };
		9E4AC69C1AA616E20042188A /* FMDatabaseQueue.h */ = {isa = PBXFileReference; fileEncoding = 4; lastKnownFileType = sourcecode.c.h; path = FMDatabaseQueue.h; sourceTree = "<group>"; };
		9E4AC69D1AA616E20042188A /* FMDatabaseQueue.m */ = {isa = PBXFileReference; fileEncoding = 4; lastKnownFileType = sourcecode.c.objc; path = FMDatabaseQueue.m; sourceTree = "<group>"; };
		9E4AC69E1AA616E20042188A /* FMDB.h */ = {isa = PBXFileReference; fileEncoding = 4; lastKnownFileType = sourcecode.c.h; path = FMDB.h; sourceTree = "<group>"; };
		9E4AC69F1AA616E20042188A /* FMResultSet.h */ = {isa = PBXFileReference; fileEncoding = 4; lastKnownFileType = sourcecode.c.h; path = FMResultSet.h; sourceTree = "<group>"; };
		9E4AC6A01AA616E20042188A /* FMResultSet.m */ = {isa = PBXFileReference; fileEncoding = 4; lastKnownFileType = sourcecode.c.objc; path = FMResultSet.m; sourceTree = "<group>"; };
		9E4AC6B71AA618040042188A /* MenuVC.h */ = {isa = PBXFileReference; fileEncoding = 4; lastKnownFileType = sourcecode.c.h; path = MenuVC.h; sourceTree = "<group>"; };
		9E4AC6B81AA618040042188A /* MenuVC.m */ = {isa = PBXFileReference; fileEncoding = 4; lastKnownFileType = sourcecode.c.objc; path = MenuVC.m; sourceTree = "<group>"; };
		9E4AC6BA1AA618510042188A /* AboutVC.h */ = {isa = PBXFileReference; fileEncoding = 4; lastKnownFileType = sourcecode.c.h; path = AboutVC.h; sourceTree = "<group>"; };
		9E4AC6BB1AA618510042188A /* AboutVC.m */ = {isa = PBXFileReference; fileEncoding = 4; lastKnownFileType = sourcecode.c.objc; path = AboutVC.m; sourceTree = "<group>"; };
		9ED69A0A1A9397E30010E52B /* KozaModels.app */ = {isa = PBXFileReference; explicitFileType = wrapper.application; includeInIndex = 0; path = KozaModels.app; sourceTree = BUILT_PRODUCTS_DIR; };
		9ED69A0E1A9397E30010E52B /* Info.plist */ = {isa = PBXFileReference; lastKnownFileType = text.plist.xml; path = Info.plist; sourceTree = "<group>"; };
		9ED69A0F1A9397E30010E52B /* main.m */ = {isa = PBXFileReference; lastKnownFileType = sourcecode.c.objc; path = main.m; sourceTree = "<group>"; };
		9ED69A111A9397E30010E52B /* AppDelegate.h */ = {isa = PBXFileReference; lastKnownFileType = sourcecode.c.h; path = AppDelegate.h; sourceTree = "<group>"; };
		9ED69A121A9397E30010E52B /* AppDelegate.m */ = {isa = PBXFileReference; lastKnownFileType = sourcecode.c.objc; path = AppDelegate.m; sourceTree = "<group>"; };
		9ED69A141A9397E30010E52B /* ViewController.h */ = {isa = PBXFileReference; lastKnownFileType = sourcecode.c.h; path = ViewController.h; sourceTree = "<group>"; };
		9ED69A151A9397E30010E52B /* ViewController.m */ = {isa = PBXFileReference; lastKnownFileType = sourcecode.c.objc; path = ViewController.m; sourceTree = "<group>"; };
		9ED69A181A9397E30010E52B /* Base */ = {isa = PBXFileReference; lastKnownFileType = file.storyboard; name = Base; path = Base.lproj/Main.storyboard; sourceTree = "<group>"; };
		9ED69A1A1A9397E30010E52B /* Images.xcassets */ = {isa = PBXFileReference; lastKnownFileType = folder.assetcatalog; path = Images.xcassets; sourceTree = "<group>"; };
		9ED69A1D1A9397E30010E52B /* Base */ = {isa = PBXFileReference; lastKnownFileType = file.xib; name = Base; path = Base.lproj/LaunchScreen.xib; sourceTree = "<group>"; };
		9ED69A231A9397E30010E52B /* KozaModelsTests.xctest */ = {isa = PBXFileReference; explicitFileType = wrapper.cfbundle; includeInIndex = 0; path = KozaModelsTests.xctest; sourceTree = BUILT_PRODUCTS_DIR; };
		9ED69A281A9397E30010E52B /* Info.plist */ = {isa = PBXFileReference; lastKnownFileType = text.plist.xml; path = Info.plist; sourceTree = "<group>"; };
		9ED69A291A9397E30010E52B /* KozaModelsTests.m */ = {isa = PBXFileReference; lastKnownFileType = sourcecode.c.objc; path = KozaModelsTests.m; sourceTree = "<group>"; };
		9ED69A331A93981F0010E52B /* Constans.h */ = {isa = PBXFileReference; lastKnownFileType = sourcecode.c.h; path = Constans.h; sourceTree = "<group>"; };
/* End PBXFileReference section */

/* Begin PBXFrameworksBuildPhase section */
		9ED69A071A9397E30010E52B /* Frameworks */ = {
			isa = PBXFrameworksBuildPhase;
			buildActionMask = 2147483647;
			files = (
				9E4AC6841AA4E8860042188A /* CoreGraphics.framework in Frameworks */,
				9E4AC6821AA4E84B0042188A /* UIKit.framework in Frameworks */,
				9E4AC6801AA4E8360042188A /* libsqlite3.0.dylib in Frameworks */,
				A99C2B84C3CB079C863B13DC /* libPods.a in Frameworks */,
			);
			runOnlyForDeploymentPostprocessing = 0;
		};
		9ED69A201A9397E30010E52B /* Frameworks */ = {
			isa = PBXFrameworksBuildPhase;
			buildActionMask = 2147483647;
			files = (
			);
			runOnlyForDeploymentPostprocessing = 0;
		};
/* End PBXFrameworksBuildPhase section */

/* Begin PBXGroup section */
		7592F1BE6A3EA7A969A58AE6 /* Pods */ = {
			isa = PBXGroup;
			children = (
				1FB42DDFE814E84CDC2F35F3 /* Pods.debug.xcconfig */,
				36EA6D15ACF0AD05C56365FC /* Pods.release.xcconfig */,
			);
			name = Pods;
			sourceTree = "<group>";
		};
		9E4AC68D1AA616E20042188A /* ThirdParty */ = {
			isa = PBXGroup;
			children = (
				9E4AC68E1AA616E20042188A /* DataModel */,
				9E4AC6951AA616E20042188A /* FMDB */,
			);
			path = ThirdParty;
			sourceTree = "<group>";
		};
		9E4AC68E1AA616E20042188A /* DataModel */ = {
			isa = PBXGroup;
			children = (
				9E4AC68F1AA616E20042188A /* DBConstants.h */,
				9E4AC6901AA616E20042188A /* DBConstants.m */,
				9E4AC6911AA616E20042188A /* DBHelper.h */,
				9E4AC6921AA616E20042188A /* DBHelper.m */,
				9E4AC6931AA616E20042188A /* DictData.h */,
				9E4AC6941AA616E20042188A /* DictData.m */,
			);
			path = DataModel;
			sourceTree = "<group>";
		};
		9E4AC6951AA616E20042188A /* FMDB */ = {
			isa = PBXGroup;
			children = (
				9E4AC6961AA616E20042188A /* FMDatabase.h */,
				9E4AC6971AA616E20042188A /* FMDatabase.m */,
				9E4AC6981AA616E20042188A /* FMDatabaseAdditions.h */,
				9E4AC6991AA616E20042188A /* FMDatabaseAdditions.m */,
				9E4AC69A1AA616E20042188A /* FMDatabasePool.h */,
				9E4AC69B1AA616E20042188A /* FMDatabasePool.m */,
				9E4AC69C1AA616E20042188A /* FMDatabaseQueue.h */,
				9E4AC69D1AA616E20042188A /* FMDatabaseQueue.m */,
				9E4AC69E1AA616E20042188A /* FMDB.h */,
				9E4AC69F1AA616E20042188A /* FMResultSet.h */,
				9E4AC6A01AA616E20042188A /* FMResultSet.m */,
			);
			path = FMDB;
			sourceTree = "<group>";
		};
		9E4AC6B01AA617430042188A /* ViewControllers */ = {
			isa = PBXGroup;
			children = (
				9E4AC6B41AA617E30042188A /* CenterView */,
				9E4AC6B51AA617E30042188A /* LeftSide */,
				9E4AC6B61AA617E30042188A /* RightSide */,
			);
			path = ViewControllers;
			sourceTree = "<group>";
		};
		9E4AC6B41AA617E30042188A /* CenterView */ = {
			isa = PBXGroup;
			children = (
			);
			path = CenterView;
			sourceTree = "<group>";
		};
		9E4AC6B51AA617E30042188A /* LeftSide */ = {
			isa = PBXGroup;
			children = (
				9E4AC6B71AA618040042188A /* MenuVC.h */,
				9E4AC6B81AA618040042188A /* MenuVC.m */,
			);
			path = LeftSide;
			sourceTree = "<group>";
		};
		9E4AC6B61AA617E30042188A /* RightSide */ = {
			isa = PBXGroup;
			children = (
				9E4AC6BA1AA618510042188A /* AboutVC.h */,
				9E4AC6BB1AA618510042188A /* AboutVC.m */,
			);
			path = RightSide;
			sourceTree = "<group>";
		};
		9E4AC6BD1AA620970042188A /* Framework */ = {
			isa = PBXGroup;
			children = (
				9E4AC6831AA4E8860042188A /* CoreGraphics.framework */,
				9E4AC6811AA4E84B0042188A /* UIKit.framework */,
				9E4AC67F1AA4E8360042188A /* libsqlite3.0.dylib */,
			);
			name = Framework;
			sourceTree = "<group>";
		};
		9ED69A011A9397E30010E52B = {
			isa = PBXGroup;
			children = (
				9ED69A0C1A9397E30010E52B /* KozaModels */,
				9ED69A261A9397E30010E52B /* KozaModelsTests */,
				9ED69A0B1A9397E30010E52B /* Products */,
				7592F1BE6A3EA7A969A58AE6 /* Pods */,
				BD4B8E06033F6C38D2489533 /* Frameworks */,
			);
			sourceTree = "<group>";
		};
		9ED69A0B1A9397E30010E52B /* Products */ = {
			isa = PBXGroup;
			children = (
				9ED69A0A1A9397E30010E52B /* KozaModels.app */,
				9ED69A231A9397E30010E52B /* KozaModelsTests.xctest */,
			);
			name = Products;
			sourceTree = "<group>";
		};
		9ED69A0C1A9397E30010E52B /* KozaModels */ = {
			isa = PBXGroup;
			children = (
				9E4AC6B01AA617430042188A /* ViewControllers */,
				9E4AC68D1AA616E20042188A /* ThirdParty */,
				9ED69A331A93981F0010E52B /* Constans.h */,
				9ED69A111A9397E30010E52B /* AppDelegate.h */,
				9ED69A121A9397E30010E52B /* AppDelegate.m */,
				9ED69A141A9397E30010E52B /* ViewController.h */,
				9ED69A151A9397E30010E52B /* ViewController.m */,
				9ED69A171A9397E30010E52B /* Main.storyboard */,
				9ED69A1A1A9397E30010E52B /* Images.xcassets */,
				9ED69A1C1A9397E30010E52B /* LaunchScreen.xib */,
				9ED69A0D1A9397E30010E52B /* Supporting Files */,
			);
			path = KozaModels;
			sourceTree = "<group>";
		};
		9ED69A0D1A9397E30010E52B /* Supporting Files */ = {
			isa = PBXGroup;
			children = (
				9E4AC6BD1AA620970042188A /* Framework */,
				9ED69A0E1A9397E30010E52B /* Info.plist */,
				9ED69A0F1A9397E30010E52B /* main.m */,
			);
			name = "Supporting Files";
			sourceTree = "<group>";
		};
		9ED69A261A9397E30010E52B /* KozaModelsTests */ = {
			isa = PBXGroup;
			children = (
				9ED69A291A9397E30010E52B /* KozaModelsTests.m */,
				9ED69A271A9397E30010E52B /* Supporting Files */,
			);
			path = KozaModelsTests;
			sourceTree = "<group>";
		};
		9ED69A271A9397E30010E52B /* Supporting Files */ = {
			isa = PBXGroup;
			children = (
				9ED69A281A9397E30010E52B /* Info.plist */,
			);
			name = "Supporting Files";
			sourceTree = "<group>";
		};
		BD4B8E06033F6C38D2489533 /* Frameworks */ = {
			isa = PBXGroup;
			children = (
				929221217D494F036D4D398D /* libPods.a */,
			);
			name = Frameworks;
			sourceTree = "<group>";
		};
/* End PBXGroup section */

/* Begin PBXNativeTarget section */
		9ED69A091A9397E30010E52B /* KozaModels */ = {
			isa = PBXNativeTarget;
			buildConfigurationList = 9ED69A2D1A9397E30010E52B /* Build configuration list for PBXNativeTarget "KozaModels" */;
			buildPhases = (
				0908385314662E02244579B9 /* Check Pods Manifest.lock */,
				9ED69A061A9397E30010E52B /* Sources */,
				9ED69A071A9397E30010E52B /* Frameworks */,
				9ED69A081A9397E30010E52B /* Resources */,
				9A8F58CF60C45325FE5BBB86 /* Copy Pods Resources */,
			);
			buildRules = (
			);
			dependencies = (
			);
			name = KozaModels;
			productName = KozaModels;
			productReference = 9ED69A0A1A9397E30010E52B /* KozaModels.app */;
			productType = "com.apple.product-type.application";
		};
		9ED69A221A9397E30010E52B /* KozaModelsTests */ = {
			isa = PBXNativeTarget;
			buildConfigurationList = 9ED69A301A9397E30010E52B /* Build configuration list for PBXNativeTarget "KozaModelsTests" */;
			buildPhases = (
				9ED69A1F1A9397E30010E52B /* Sources */,
				9ED69A201A9397E30010E52B /* Frameworks */,
				9ED69A211A9397E30010E52B /* Resources */,
			);
			buildRules = (
			);
			dependencies = (
				9ED69A251A9397E30010E52B /* PBXTargetDependency */,
			);
			name = KozaModelsTests;
			productName = KozaModelsTests;
			productReference = 9ED69A231A9397E30010E52B /* KozaModelsTests.xctest */;
			productType = "com.apple.product-type.bundle.unit-test";
		};
/* End PBXNativeTarget section */

/* Begin PBXProject section */
		9ED69A021A9397E30010E52B /* Project object */ = {
			isa = PBXProject;
			attributes = {
				LastUpgradeCheck = 0610;
				ORGANIZATIONNAME = Koaz;
				TargetAttributes = {
					9ED69A091A9397E30010E52B = {
						CreatedOnToolsVersion = 6.1.1;
					};
					9ED69A221A9397E30010E52B = {
						CreatedOnToolsVersion = 6.1.1;
						TestTargetID = 9ED69A091A9397E30010E52B;
					};
				};
			};
			buildConfigurationList = 9ED69A051A9397E30010E52B /* Build configuration list for PBXProject "KozaModels" */;
			compatibilityVersion = "Xcode 3.2";
			developmentRegion = English;
			hasScannedForEncodings = 0;
			knownRegions = (
				en,
				Base,
			);
			mainGroup = 9ED69A011A9397E30010E52B;
			productRefGroup = 9ED69A0B1A9397E30010E52B /* Products */;
			projectDirPath = "";
			projectRoot = "";
			targets = (
				9ED69A091A9397E30010E52B /* KozaModels */,
				9ED69A221A9397E30010E52B /* KozaModelsTests */,
			);
		};
/* End PBXProject section */

/* Begin PBXResourcesBuildPhase section */
		9ED69A081A9397E30010E52B /* Resources */ = {
			isa = PBXResourcesBuildPhase;
			buildActionMask = 2147483647;
			files = (
				9ED69A191A9397E30010E52B /* Main.storyboard in Resources */,
				9ED69A1E1A9397E30010E52B /* LaunchScreen.xib in Resources */,
				9ED69A1B1A9397E30010E52B /* Images.xcassets in Resources */,
			);
			runOnlyForDeploymentPostprocessing = 0;
		};
		9ED69A211A9397E30010E52B /* Resources */ = {
			isa = PBXResourcesBuildPhase;
			buildActionMask = 2147483647;
			files = (
			);
			runOnlyForDeploymentPostprocessing = 0;
		};
/* End PBXResourcesBuildPhase section */

/* Begin PBXShellScriptBuildPhase section */
		0908385314662E02244579B9 /* Check Pods Manifest.lock */ = {
			isa = PBXShellScriptBuildPhase;
			buildActionMask = 2147483647;
			files = (
			);
			inputPaths = (
			);
			name = "Check Pods Manifest.lock";
			outputPaths = (
			);
			runOnlyForDeploymentPostprocessing = 0;
			shellPath = /bin/sh;
			shellScript = "diff \"${PODS_ROOT}/../Podfile.lock\" \"${PODS_ROOT}/Manifest.lock\" > /dev/null\nif [[ $? != 0 ]] ; then\n    cat << EOM\nerror: The sandbox is not in sync with the Podfile.lock. Run 'pod install' or update your CocoaPods installation.\nEOM\n    exit 1\nfi\n";
			showEnvVarsInLog = 0;
		};
		9A8F58CF60C45325FE5BBB86 /* Copy Pods Resources */ = {
			isa = PBXShellScriptBuildPhase;
			buildActionMask = 2147483647;
			files = (
			);
			inputPaths = (
			);
			name = "Copy Pods Resources";
			outputPaths = (
			);
			runOnlyForDeploymentPostprocessing = 0;
			shellPath = /bin/sh;
			shellScript = "\"${SRCROOT}/Pods/Target Support Files/Pods/Pods-resources.sh\"\n";
			showEnvVarsInLog = 0;
		};
/* End PBXShellScriptBuildPhase section */

/* Begin PBXSourcesBuildPhase section */
		9ED69A061A9397E30010E52B /* Sources */ = {
			isa = PBXSourcesBuildPhase;
			buildActionMask = 2147483647;
			files = (
				9ED69A161A9397E30010E52B /* ViewController.m in Sources */,
				9E4AC6A71AA616E20042188A /* DBHelper.m in Sources */,
				9ED69A131A9397E30010E52B /* AppDelegate.m in Sources */,
				9E4AC6A91AA616E20042188A /* FMDatabase.m in Sources */,
				9E4AC6AB1AA616E20042188A /* FMDatabasePool.m in Sources */,
				9E4AC6B91AA618040042188A /* MenuVC.m in Sources */,
				9E4AC6BC1AA618510042188A /* AboutVC.m in Sources */,
				9E4AC6AC1AA616E20042188A /* FMDatabaseQueue.m in Sources */,
				9E4AC6A81AA616E20042188A /* DictData.m in Sources */,
				9ED69A101A9397E30010E52B /* main.m in Sources */,
				9E4AC6AD1AA616E20042188A /* FMResultSet.m in Sources */,
				9E4AC6A61AA616E20042188A /* DBConstants.m in Sources */,
				9E4AC6AA1AA616E20042188A /* FMDatabaseAdditions.m in Sources */,
			);
			runOnlyForDeploymentPostprocessing = 0;
		};
		9ED69A1F1A9397E30010E52B /* Sources */ = {
			isa = PBXSourcesBuildPhase;
			buildActionMask = 2147483647;
			files = (
				9ED69A2A1A9397E30010E52B /* KozaModelsTests.m in Sources */,
			);
			runOnlyForDeploymentPostprocessing = 0;
		};
/* End PBXSourcesBuildPhase section */

/* Begin PBXTargetDependency section */
		9ED69A251A9397E30010E52B /* PBXTargetDependency */ = {
			isa = PBXTargetDependency;
			target = 9ED69A091A9397E30010E52B /* KozaModels */;
			targetProxy = 9ED69A241A9397E30010E52B /* PBXContainerItemProxy */;
		};
/* End PBXTargetDependency section */

/* Begin PBXVariantGroup section */
		9ED69A171A9397E30010E52B /* Main.storyboard */ = {
			isa = PBXVariantGroup;
			children = (
				9ED69A181A9397E30010E52B /* Base */,
			);
			name = Main.storyboard;
			sourceTree = "<group>";
		};
		9ED69A1C1A9397E30010E52B /* LaunchScreen.xib */ = {
			isa = PBXVariantGroup;
			children = (
				9ED69A1D1A9397E30010E52B /* Base */,
			);
			name = LaunchScreen.xib;
			sourceTree = "<group>";
		};
/* End PBXVariantGroup section */

/* Begin XCBuildConfiguration section */
		9ED69A2B1A9397E30010E52B /* Debug */ = {
			isa = XCBuildConfiguration;
			buildSettings = {
				ALWAYS_SEARCH_USER_PATHS = NO;
				CLANG_CXX_LANGUAGE_STANDARD = "gnu++0x";
				CLANG_CXX_LIBRARY = "libc++";
				CLANG_ENABLE_MODULES = YES;
				CLANG_ENABLE_OBJC_ARC = YES;
				CLANG_WARN_BOOL_CONVERSION = YES;
				CLANG_WARN_CONSTANT_CONVERSION = YES;
				CLANG_WARN_DIRECT_OBJC_ISA_USAGE = YES_ERROR;
				CLANG_WARN_EMPTY_BODY = YES;
				CLANG_WARN_ENUM_CONVERSION = YES;
				CLANG_WARN_INT_CONVERSION = YES;
				CLANG_WARN_OBJC_ROOT_CLASS = YES_ERROR;
				CLANG_WARN_UNREACHABLE_CODE = YES;
				CLANG_WARN__DUPLICATE_METHOD_MATCH = YES;
				"CODE_SIGN_IDENTITY[sdk=iphoneos*]" = "iPhone Developer";
				COPY_PHASE_STRIP = NO;
				ENABLE_STRICT_OBJC_MSGSEND = YES;
				GCC_C_LANGUAGE_STANDARD = gnu99;
				GCC_DYNAMIC_NO_PIC = NO;
				GCC_OPTIMIZATION_LEVEL = 0;
				GCC_PREPROCESSOR_DEFINITIONS = (
					"DEBUG=1",
					"$(inherited)",
				);
				GCC_SYMBOLS_PRIVATE_EXTERN = NO;
				GCC_WARN_64_TO_32_BIT_CONVERSION = YES;
				GCC_WARN_ABOUT_RETURN_TYPE = YES_ERROR;
				GCC_WARN_UNDECLARED_SELECTOR = YES;
				GCC_WARN_UNINITIALIZED_AUTOS = YES_AGGRESSIVE;
				GCC_WARN_UNUSED_FUNCTION = YES;
				GCC_WARN_UNUSED_VARIABLE = YES;
				IPHONEOS_DEPLOYMENT_TARGET = 8.1;
				MTL_ENABLE_DEBUG_INFO = YES;
				ONLY_ACTIVE_ARCH = YES;
				SDKROOT = iphoneos;
			};
			name = Debug;
		};
		9ED69A2C1A9397E30010E52B /* Release */ = {
			isa = XCBuildConfiguration;
			buildSettings = {
				ALWAYS_SEARCH_USER_PATHS = NO;
				CLANG_CXX_LANGUAGE_STANDARD = "gnu++0x";
				CLANG_CXX_LIBRARY = "libc++";
				CLANG_ENABLE_MODULES = YES;
				CLANG_ENABLE_OBJC_ARC = YES;
				CLANG_WARN_BOOL_CONVERSION = YES;
				CLANG_WARN_CONSTANT_CONVERSION = YES;
				CLANG_WARN_DIRECT_OBJC_ISA_USAGE = YES_ERROR;
				CLANG_WARN_EMPTY_BODY = YES;
				CLANG_WARN_ENUM_CONVERSION = YES;
				CLANG_WARN_INT_CONVERSION = YES;
				CLANG_WARN_OBJC_ROOT_CLASS = YES_ERROR;
				CLANG_WARN_UNREACHABLE_CODE = YES;
				CLANG_WARN__DUPLICATE_METHOD_MATCH = YES;
				"CODE_SIGN_IDENTITY[sdk=iphoneos*]" = "iPhone Developer";
				COPY_PHASE_STRIP = YES;
				ENABLE_NS_ASSERTIONS = NO;
				ENABLE_STRICT_OBJC_MSGSEND = YES;
				GCC_C_LANGUAGE_STANDARD = gnu99;
				GCC_WARN_64_TO_32_BIT_CONVERSION = YES;
				GCC_WARN_ABOUT_RETURN_TYPE = YES_ERROR;
				GCC_WARN_UNDECLARED_SELECTOR = YES;
				GCC_WARN_UNINITIALIZED_AUTOS = YES_AGGRESSIVE;
				GCC_WARN_UNUSED_FUNCTION = YES;
				GCC_WARN_UNUSED_VARIABLE = YES;
				IPHONEOS_DEPLOYMENT_TARGET = 8.1;
				MTL_ENABLE_DEBUG_INFO = NO;
				SDKROOT = iphoneos;
				VALIDATE_PRODUCT = YES;
			};
			name = Release;
		};
		9ED69A2E1A9397E30010E52B /* Debug */ = {
			isa = XCBuildConfiguration;
			baseConfigurationReference = 1FB42DDFE814E84CDC2F35F3 /* Pods.debug.xcconfig */;
			buildSettings = {
				ASSETCATALOG_COMPILER_APPICON_NAME = AppIcon;
				ASSETCATALOG_COMPILER_LAUNCHIMAGE_NAME = "LaunchImage-2";
				"CODE_SIGN_IDENTITY[sdk=iphoneos*]" = "";
				INFOPLIST_FILE = KozaModels/Info.plist;
				IPHONEOS_DEPLOYMENT_TARGET = 7.0;
				LD_RUNPATH_SEARCH_PATHS = "$(inherited) @executable_path/Frameworks";
				PRODUCT_NAME = "$(TARGET_NAME)";
				PROVISIONING_PROFILE = "C675477F-BAE5-4A32-BD0B-C8B7D66A1EA3";
			};
			name = Debug;
		};
		9ED69A2F1A9397E30010E52B /* Release */ = {
			isa = XCBuildConfiguration;
			baseConfigurationReference = 36EA6D15ACF0AD05C56365FC /* Pods.release.xcconfig */;
			buildSettings = {
				ASSETCATALOG_COMPILER_APPICON_NAME = AppIcon;
				ASSETCATALOG_COMPILER_LAUNCHIMAGE_NAME = "LaunchImage-2";
				"CODE_SIGN_IDENTITY[sdk=iphoneos*]" = "";
				INFOPLIST_FILE = KozaModels/Info.plist;
				IPHONEOS_DEPLOYMENT_TARGET = 7.0;
				LD_RUNPATH_SEARCH_PATHS = "$(inherited) @executable_path/Frameworks";
				PRODUCT_NAME = "$(TARGET_NAME)";
				PROVISIONING_PROFILE = "C675477F-BAE5-4A32-BD0B-C8B7D66A1EA3";
			};
			name = Release;
		};
		9ED69A311A9397E30010E52B /* Debug */ = {
			isa = XCBuildConfiguration;
			buildSettings = {
				BUNDLE_LOADER = "$(TEST_HOST)";
				FRAMEWORK_SEARCH_PATHS = (
					"$(SDKROOT)/Developer/Library/Frameworks",
					"$(inherited)",
				);
				GCC_PREPROCESSOR_DEFINITIONS = (
					"DEBUG=1",
					"$(inherited)",
				);
				INFOPLIST_FILE = KozaModelsTests/Info.plist;
				LD_RUNPATH_SEARCH_PATHS = "$(inherited) @executable_path/Frameworks @loader_path/Frameworks";
				PRODUCT_NAME = "$(TARGET_NAME)";
				TEST_HOST = "$(BUILT_PRODUCTS_DIR)/KozaModels.app/KozaModels";
			};
			name = Debug;
		};
		9ED69A321A9397E30010E52B /* Release */ = {
			isa = XCBuildConfiguration;
			buildSettings = {
				BUNDLE_LOADER = "$(TEST_HOST)";
				FRAMEWORK_SEARCH_PATHS = (
					"$(SDKROOT)/Developer/Library/Frameworks",
					"$(inherited)",
				);
				INFOPLIST_FILE = KozaModelsTests/Info.plist;
				LD_RUNPATH_SEARCH_PATHS = "$(inherited) @executable_path/Frameworks @loader_path/Frameworks";
				PRODUCT_NAME = "$(TARGET_NAME)";
				TEST_HOST = "$(BUILT_PRODUCTS_DIR)/KozaModels.app/KozaModels";
			};
			name = Release;
		};
/* End XCBuildConfiguration section */

/* Begin XCConfigurationList section */
		9ED69A051A9397E30010E52B /* Build configuration list for PBXProject "KozaModels" */ = {
			isa = XCConfigurationList;
			buildConfigurations = (
				9ED69A2B1A9397E30010E52B /* Debug */,
				9ED69A2C1A9397E30010E52B /* Release */,
			);
			defaultConfigurationIsVisible = 0;
			defaultConfigurationName = Release;
		};
		9ED69A2D1A9397E30010E52B /* Build configuration list for PBXNativeTarget "KozaModels" */ = {
			isa = XCConfigurationList;
			buildConfigurations = (
				9ED69A2E1A9397E30010E52B /* Debug */,
				9ED69A2F1A9397E30010E52B /* Release */,
			);
			defaultConfigurationIsVisible = 0;
			defaultConfigurationName = Release;
		};
		9ED69A301A9397E30010E52B /* Build configuration list for PBXNativeTarget "KozaModelsTests" */ = {
			isa = XCConfigurationList;
			buildConfigurations = (
				9ED69A311A9397E30010E52B /* Debug */,
				9ED69A321A9397E30010E52B /* Release */,
			);
			defaultConfigurationIsVisible = 0;
			defaultConfigurationName = Release;
		};
/* End XCConfigurationList section */
	};
	rootObject = 9ED69A021A9397E30010E52B /* Project object */;
}
