// !$*UTF8*$!
{
	archiveVersion = 1;
	classes = {
	};
	objectVersion = 46;
	objects = {

/* Begin PBXBuildFile section */
		9ED69A101A9397E30010E52B /* main.m in Sources */ = {isa = PBXBuildFile; fileRef = 9ED69A0F1A9397E30010E52B /* main.m */; };
		9ED69A131A9397E30010E52B /* AppDelegate.m in Sources */ = {isa = PBXBuildFile; fileRef = 9ED69A121A9397E30010E52B /* AppDelegate.m */; };
		9ED69A161A9397E30010E52B /* ViewController.m in Sources */ = {isa = PBXBuildFile; fileRef = 9ED69A151A9397E30010E52B /* ViewController.m */; };
		9ED69A191A9397E30010E52B /* Main.storyboard in Resources */ = {isa = PBXBuildFile; fileRef = 9ED69A171A9397E30010E52B /* Main.storyboard */; };
		9ED69A1B1A9397E30010E52B /* Images.xcassets in Resources */ = {isa = PBXBuildFile; fileRef = 9ED69A1A1A9397E30010E52B /* Images.xcassets */; };
		9ED69A1E1A9397E30010E52B /* LaunchScreen.xib in Resources */ = {isa = PBXBuildFile; fileRef = 9ED69A1C1A9397E30010E52B /* LaunchScreen.xib */; };
		9ED69A2A1A9397E30010E52B /* KozaModelsTests.m in Sources */ = {isa = PBXBuildFile; fileRef = 9ED69A291A9397E30010E52B /* KozaModelsTests.m */; };
		9ED69A411A93986E0010E52B /* FMDatabase.m in Sources */ = {isa = PBXBuildFile; fileRef = 9ED69A371A93986E0010E52B /* FMDatabase.m */; };
		9ED69A421A93986E0010E52B /* FMDatabaseAdditions.m in Sources */ = {isa = PBXBuildFile; fileRef = 9ED69A391A93986E0010E52B /* FMDatabaseAdditions.m */; };
		9ED69A431A93986E0010E52B /* FMDatabasePool.m in Sources */ = {isa = PBXBuildFile; fileRef = 9ED69A3B1A93986E0010E52B /* FMDatabasePool.m */; };
		9ED69A441A93986E0010E52B /* FMDatabaseQueue.m in Sources */ = {isa = PBXBuildFile; fileRef = 9ED69A3D1A93986E0010E52B /* FMDatabaseQueue.m */; };
		9ED69A451A93986E0010E52B /* FMResultSet.m in Sources */ = {isa = PBXBuildFile; fileRef = 9ED69A401A93986E0010E52B /* FMResultSet.m */; };
		9ED69A4B1A9398E70010E52B /* DBConstants.m in Sources */ = {isa = PBXBuildFile; fileRef = 9ED69A481A9398E70010E52B /* DBConstants.m */; };
		9ED69A4C1A9398E70010E52B /* DBHelper.m in Sources */ = {isa = PBXBuildFile; fileRef = 9ED69A4A1A9398E70010E52B /* DBHelper.m */; };
		9ED69A511A93A2890010E52B /* DictData.m in Sources */ = {isa = PBXBuildFile; fileRef = 9ED69A501A93A2890010E52B /* DictData.m */; };
/* End PBXBuildFile section */

/* Begin PBXContainerItemProxy section */
		9ED69A241A9397E30010E52B /* PBXContainerItemProxy */ = {
			isa = PBXContainerItemProxy;
			containerPortal = 9ED69A021A9397E30010E52B /* Project object */;
			proxyType = 1;
			remoteGlobalIDString = 9ED69A091A9397E30010E52B;
			remoteInfo = KozaModels;
		};
/* End PBXContainerItemProxy section */

/* Begin PBXFileReference section */
		9ED69A0A1A9397E30010E52B /* KozaModels.app */ = {isa = PBXFileReference; explicitFileType = wrapper.application; includeInIndex = 0; path = KozaModels.app; sourceTree = BUILT_PRODUCTS_DIR; };
		9ED69A0E1A9397E30010E52B /* Info.plist */ = {isa = PBXFileReference; lastKnownFileType = text.plist.xml; path = Info.plist; sourceTree = "<group>"; };
		9ED69A0F1A9397E30010E52B /* main.m */ = {isa = PBXFileReference; lastKnownFileType = sourcecode.c.objc; path = main.m; sourceTree = "<group>"; };
		9ED69A111A9397E30010E52B /* AppDelegate.h */ = {isa = PBXFileReference; lastKnownFileType = sourcecode.c.h; path = AppDelegate.h; sourceTree = "<group>"; };
		9ED69A121A9397E30010E52B /* AppDelegate.m */ = {isa = PBXFileReference; lastKnownFileType = sourcecode.c.objc; path = AppDelegate.m; sourceTree = "<group>"; };
		9ED69A141A9397E30010E52B /* ViewController.h */ = {isa = PBXFileReference; lastKnownFileType = sourcecode.c.h; path = ViewController.h; sourceTree = "<group>"; };
		9ED69A151A9397E30010E52B /* ViewController.m */ = {isa = PBXFileReference; lastKnownFileType = sourcecode.c.objc; path = ViewController.m; sourceTree = "<group>"; };
		9ED69A181A9397E30010E52B /* Base */ = {isa = PBXFileReference; lastKnownFileType = file.storyboard; name = Base; path = Base.lproj/Main.storyboard; sourceTree = "<group>"; };
		9ED69A1A1A9397E30010E52B /* Images.xcassets */ = {isa = PBXFileReference; lastKnownFileType = folder.assetcatalog; path = Images.xcassets; sourceTree = "<group>"; };
		9ED69A1D1A9397E30010E52B /* Base */ = {isa = PBXFileReference; lastKnownFileType = file.xib; name = Base; path = Base.lproj/LaunchScreen.xib; sourceTree = "<group>"; };
		9ED69A231A9397E30010E52B /* KozaModelsTests.xctest */ = {isa = PBXFileReference; explicitFileType = wrapper.cfbundle; includeInIndex = 0; path = KozaModelsTests.xctest; sourceTree = BUILT_PRODUCTS_DIR; };
		9ED69A281A9397E30010E52B /* Info.plist */ = {isa = PBXFileReference; lastKnownFileType = text.plist.xml; path = Info.plist; sourceTree = "<group>"; };
		9ED69A291A9397E30010E52B /* KozaModelsTests.m */ = {isa = PBXFileReference; lastKnownFileType = sourcecode.c.objc; path = KozaModelsTests.m; sourceTree = "<group>"; };
		9ED69A331A93981F0010E52B /* Constans.h */ = {isa = PBXFileReference; lastKnownFileType = sourcecode.c.h; path = Constans.h; sourceTree = "<group>"; };
		9ED69A361A93986E0010E52B /* FMDatabase.h */ = {isa = PBXFileReference; fileEncoding = 4; lastKnownFileType = sourcecode.c.h; path = FMDatabase.h; sourceTree = "<group>"; };
		9ED69A371A93986E0010E52B /* FMDatabase.m */ = {isa = PBXFileReference; fileEncoding = 4; lastKnownFileType = sourcecode.c.objc; path = FMDatabase.m; sourceTree = "<group>"; };
		9ED69A381A93986E0010E52B /* FMDatabaseAdditions.h */ = {isa = PBXFileReference; fileEncoding = 4; lastKnownFileType = sourcecode.c.h; path = FMDatabaseAdditions.h; sourceTree = "<group>"; };
		9ED69A391A93986E0010E52B /* FMDatabaseAdditions.m */ = {isa = PBXFileReference; fileEncoding = 4; lastKnownFileType = sourcecode.c.objc; path = FMDatabaseAdditions.m; sourceTree = "<group>"; };
		9ED69A3A1A93986E0010E52B /* FMDatabasePool.h */ = {isa = PBXFileReference; fileEncoding = 4; lastKnownFileType = sourcecode.c.h; path = FMDatabasePool.h; sourceTree = "<group>"; };
		9ED69A3B1A93986E0010E52B /* FMDatabasePool.m */ = {isa = PBXFileReference; fileEncoding = 4; lastKnownFileType = sourcecode.c.objc; path = FMDatabasePool.m; sourceTree = "<group>"; };
		9ED69A3C1A93986E0010E52B /* FMDatabaseQueue.h */ = {isa = PBXFileReference; fileEncoding = 4; lastKnownFileType = sourcecode.c.h; path = FMDatabaseQueue.h; sourceTree = "<group>"; };
		9ED69A3D1A93986E0010E52B /* FMDatabaseQueue.m */ = {isa = PBXFileReference; fileEncoding = 4; lastKnownFileType = sourcecode.c.objc; path = FMDatabaseQueue.m; sourceTree = "<group>"; };
		9ED69A3E1A93986E0010E52B /* FMDB.h */ = {isa = PBXFileReference; fileEncoding = 4; lastKnownFileType = sourcecode.c.h; path = FMDB.h; sourceTree = "<group>"; };
		9ED69A3F1A93986E0010E52B /* FMResultSet.h */ = {isa = PBXFileReference; fileEncoding = 4; lastKnownFileType = sourcecode.c.h; path = FMResultSet.h; sourceTree = "<group>"; };
		9ED69A401A93986E0010E52B /* FMResultSet.m */ = {isa = PBXFileReference; fileEncoding = 4; lastKnownFileType = sourcecode.c.objc; path = FMResultSet.m; sourceTree = "<group>"; };
		9ED69A471A9398E70010E52B /* DBConstants.h */ = {isa = PBXFileReference; fileEncoding = 4; lastKnownFileType = sourcecode.c.h; path = DBConstants.h; sourceTree = "<group>"; };
		9ED69A481A9398E70010E52B /* DBConstants.m */ = {isa = PBXFileReference; fileEncoding = 4; lastKnownFileType = sourcecode.c.objc; path = DBConstants.m; sourceTree = "<group>"; };
		9ED69A491A9398E70010E52B /* DBHelper.h */ = {isa = PBXFileReference; fileEncoding = 4; lastKnownFileType = sourcecode.c.h; path = DBHelper.h; sourceTree = "<group>"; };
		9ED69A4A1A9398E70010E52B /* DBHelper.m */ = {isa = PBXFileReference; fileEncoding = 4; lastKnownFileType = sourcecode.c.objc; path = DBHelper.m; sourceTree = "<group>"; };
		9ED69A4F1A93A2890010E52B /* DictData.h */ = {isa = PBXFileReference; fileEncoding = 4; lastKnownFileType = sourcecode.c.h; path = DictData.h; sourceTree = "<group>"; };
		9ED69A501A93A2890010E52B /* DictData.m */ = {isa = PBXFileReference; fileEncoding = 4; lastKnownFileType = sourcecode.c.objc; path = DictData.m; sourceTree = "<group>"; };
/* End PBXFileReference section */

/* Begin PBXFrameworksBuildPhase section */
		9ED69A071A9397E30010E52B /* Frameworks */ = {
			isa = PBXFrameworksBuildPhase;
			buildActionMask = 2147483647;
			files = (
			);
			runOnlyForDeploymentPostprocessing = 0;
		};
		9ED69A201A9397E30010E52B /* Frameworks */ = {
			isa = PBXFrameworksBuildPhase;
			buildActionMask = 2147483647;
			files = (
			);
			runOnlyForDeploymentPostprocessing = 0;
		};
/* End PBXFrameworksBuildPhase section */

/* Begin PBXGroup section */
		9ED69A011A9397E30010E52B = {
			isa = PBXGroup;
			children = (
				9ED69A0C1A9397E30010E52B /* KozaModels */,
				9ED69A261A9397E30010E52B /* KozaModelsTests */,
				9ED69A0B1A9397E30010E52B /* Products */,
			);
			sourceTree = "<group>";
		};
		9ED69A0B1A9397E30010E52B /* Products */ = {
			isa = PBXGroup;
			children = (
				9ED69A0A1A9397E30010E52B /* KozaModels.app */,
				9ED69A231A9397E30010E52B /* KozaModelsTests.xctest */,
			);
			name = Products;
			sourceTree = "<group>";
		};
		9ED69A0C1A9397E30010E52B /* KozaModels */ = {
			isa = PBXGroup;
			children = (
				9ED69A341A9398340010E52B /* TheirdParty */,
				9ED69A331A93981F0010E52B /* Constans.h */,
				9ED69A111A9397E30010E52B /* AppDelegate.h */,
				9ED69A121A9397E30010E52B /* AppDelegate.m */,
				9ED69A141A9397E30010E52B /* ViewController.h */,
				9ED69A151A9397E30010E52B /* ViewController.m */,
				9ED69A171A9397E30010E52B /* Main.storyboard */,
				9ED69A1A1A9397E30010E52B /* Images.xcassets */,
				9ED69A1C1A9397E30010E52B /* LaunchScreen.xib */,
				9ED69A0D1A9397E30010E52B /* Supporting Files */,
			);
			path = KozaModels;
			sourceTree = "<group>";
		};
		9ED69A0D1A9397E30010E52B /* Supporting Files */ = {
			isa = PBXGroup;
			children = (
				9ED69A0E1A9397E30010E52B /* Info.plist */,
				9ED69A0F1A9397E30010E52B /* main.m */,
			);
			name = "Supporting Files";
			sourceTree = "<group>";
		};
		9ED69A261A9397E30010E52B /* KozaModelsTests */ = {
			isa = PBXGroup;
			children = (
				9ED69A291A9397E30010E52B /* KozaModelsTests.m */,
				9ED69A271A9397E30010E52B /* Supporting Files */,
			);
			path = KozaModelsTests;
			sourceTree = "<group>";
		};
		9ED69A271A9397E30010E52B /* Supporting Files */ = {
			isa = PBXGroup;
			children = (
				9ED69A281A9397E30010E52B /* Info.plist */,
			);
			name = "Supporting Files";
			sourceTree = "<group>";
		};
		9ED69A341A9398340010E52B /* TheirdParty */ = {
			isa = PBXGroup;
			children = (
				9ED69A461A9398BE0010E52B /* DataModel */,
				9ED69A351A93986E0010E52B /* FMDB */,
			);
			path = TheirdParty;
			sourceTree = "<group>";
		};
		9ED69A351A93986E0010E52B /* FMDB */ = {
			isa = PBXGroup;
			children = (
				9ED69A361A93986E0010E52B /* FMDatabase.h */,
				9ED69A371A93986E0010E52B /* FMDatabase.m */,
				9ED69A381A93986E0010E52B /* FMDatabaseAdditions.h */,
				9ED69A391A93986E0010E52B /* FMDatabaseAdditions.m */,
				9ED69A3A1A93986E0010E52B /* FMDatabasePool.h */,
				9ED69A3B1A93986E0010E52B /* FMDatabasePool.m */,
				9ED69A3C1A93986E0010E52B /* FMDatabaseQueue.h */,
				9ED69A3D1A93986E0010E52B /* FMDatabaseQueue.m */,
				9ED69A3E1A93986E0010E52B /* FMDB.h */,
				9ED69A3F1A93986E0010E52B /* FMResultSet.h */,
				9ED69A401A93986E0010E52B /* FMResultSet.m */,
			);
			path = FMDB;
			sourceTree = "<group>";
		};
		9ED69A461A9398BE0010E52B /* DataModel */ = {
			isa = PBXGroup;
			children = (
				9ED69A471A9398E70010E52B /* DBConstants.h */,
				9ED69A481A9398E70010E52B /* DBConstants.m */,
				9ED69A491A9398E70010E52B /* DBHelper.h */,
				9ED69A4A1A9398E70010E52B /* DBHelper.m */,
				9ED69A4F1A93A2890010E52B /* DictData.h */,
				9ED69A501A93A2890010E52B /* DictData.m */,
			);
			path = DataModel;
			sourceTree = "<group>";
		};
/* End PBXGroup section */

/* Begin PBXNativeTarget section */
		9ED69A091A9397E30010E52B /* KozaModels */ = {
			isa = PBXNativeTarget;
			buildConfigurationList = 9ED69A2D1A9397E30010E52B /* Build configuration list for PBXNativeTarget "KozaModels" */;
			buildPhases = (
				9ED69A061A9397E30010E52B /* Sources */,
				9ED69A071A9397E30010E52B /* Frameworks */,
				9ED69A081A9397E30010E52B /* Resources */,
			);
			buildRules = (
			);
			dependencies = (
			);
			name = KozaModels;
			productName = KozaModels;
			productReference = 9ED69A0A1A9397E30010E52B /* KozaModels.app */;
			productType = "com.apple.product-type.application";
		};
		9ED69A221A9397E30010E52B /* KozaModelsTests */ = {
			isa = PBXNativeTarget;
			buildConfigurationList = 9ED69A301A9397E30010E52B /* Build configuration list for PBXNativeTarget "KozaModelsTests" */;
			buildPhases = (
				9ED69A1F1A9397E30010E52B /* Sources */,
				9ED69A201A9397E30010E52B /* Frameworks */,
				9ED69A211A9397E30010E52B /* Resources */,
			);
			buildRules = (
			);
			dependencies = (
				9ED69A251A9397E30010E52B /* PBXTargetDependency */,
			);
			name = KozaModelsTests;
			productName = KozaModelsTests;
			productReference = 9ED69A231A9397E30010E52B /* KozaModelsTests.xctest */;
			productType = "com.apple.product-type.bundle.unit-test";
		};
/* End PBXNativeTarget section */

/* Begin PBXProject section */
		9ED69A021A9397E30010E52B /* Project object */ = {
			isa = PBXProject;
			attributes = {
				LastUpgradeCheck = 0610;
				ORGANIZATIONNAME = Koaz;
				TargetAttributes = {
					9ED69A091A9397E30010E52B = {
						CreatedOnToolsVersion = 6.1.1;
					};
					9ED69A221A9397E30010E52B = {
						CreatedOnToolsVersion = 6.1.1;
						TestTargetID = 9ED69A091A9397E30010E52B;
					};
				};
			};
			buildConfigurationList = 9ED69A051A9397E30010E52B /* Build configuration list for PBXProject "KozaModels" */;
			compatibilityVersion = "Xcode 3.2";
			developmentRegion = English;
			hasScannedForEncodings = 0;
			knownRegions = (
				en,
				Base,
			);
			mainGroup = 9ED69A011A9397E30010E52B;
			productRefGroup = 9ED69A0B1A9397E30010E52B /* Products */;
			projectDirPath = "";
			projectRoot = "";
			targets = (
				9ED69A091A9397E30010E52B /* KozaModels */,
				9ED69A221A9397E30010E52B /* KozaModelsTests */,
			);
		};
/* End PBXProject section */

/* Begin PBXResourcesBuildPhase section */
		9ED69A081A9397E30010E52B /* Resources */ = {
			isa = PBXResourcesBuildPhase;
			buildActionMask = 2147483647;
			files = (
				9ED69A191A9397E30010E52B /* Main.storyboard in Resources */,
				9ED69A1E1A9397E30010E52B /* LaunchScreen.xib in Resources */,
				9ED69A1B1A9397E30010E52B /* Images.xcassets in Resources */,
			);
			runOnlyForDeploymentPostprocessing = 0;
		};
		9ED69A211A9397E30010E52B /* Resources */ = {
			isa = PBXResourcesBuildPhase;
			buildActionMask = 2147483647;
			files = (
			);
			runOnlyForDeploymentPostprocessing = 0;
		};
/* End PBXResourcesBuildPhase section */

/* Begin PBXSourcesBuildPhase section */
		9ED69A061A9397E30010E52B /* Sources */ = {
			isa = PBXSourcesBuildPhase;
			buildActionMask = 2147483647;
			files = (
				9ED69A161A9397E30010E52B /* ViewController.m in Sources */,
				9ED69A4C1A9398E70010E52B /* DBHelper.m in Sources */,
				9ED69A431A93986E0010E52B /* FMDatabasePool.m in Sources */,
				9ED69A131A9397E30010E52B /* AppDelegate.m in Sources */,
				9ED69A4B1A9398E70010E52B /* DBConstants.m in Sources */,
				9ED69A441A93986E0010E52B /* FMDatabaseQueue.m in Sources */,
				9ED69A101A9397E30010E52B /* main.m in Sources */,
				9ED69A411A93986E0010E52B /* FMDatabase.m in Sources */,
				9ED69A451A93986E0010E52B /* FMResultSet.m in Sources */,
				9ED69A421A93986E0010E52B /* FMDatabaseAdditions.m in Sources */,
				9ED69A511A93A2890010E52B /* DictData.m in Sources */,
			);
			runOnlyForDeploymentPostprocessing = 0;
		};
		9ED69A1F1A9397E30010E52B /* Sources */ = {
			isa = PBXSourcesBuildPhase;
			buildActionMask = 2147483647;
			files = (
				9ED69A2A1A9397E30010E52B /* KozaModelsTests.m in Sources */,
			);
			runOnlyForDeploymentPostprocessing = 0;
		};
/* End PBXSourcesBuildPhase section */

/* Begin PBXTargetDependency section */
		9ED69A251A9397E30010E52B /* PBXTargetDependency */ = {
			isa = PBXTargetDependency;
			target = 9ED69A091A9397E30010E52B /* KozaModels */;
			targetProxy = 9ED69A241A9397E30010E52B /* PBXContainerItemProxy */;
		};
/* End PBXTargetDependency section */

/* Begin PBXVariantGroup section */
		9ED69A171A9397E30010E52B /* Main.storyboard */ = {
			isa = PBXVariantGroup;
			children = (
				9ED69A181A9397E30010E52B /* Base */,
			);
			name = Main.storyboard;
			sourceTree = "<group>";
		};
		9ED69A1C1A9397E30010E52B /* LaunchScreen.xib */ = {
			isa = PBXVariantGroup;
			children = (
				9ED69A1D1A9397E30010E52B /* Base */,
			);
			name = LaunchScreen.xib;
			sourceTree = "<group>";
		};
/* End PBXVariantGroup section */

/* Begin XCBuildConfiguration section */
		9ED69A2B1A9397E30010E52B /* Debug */ = {
			isa = XCBuildConfiguration;
			buildSettings = {
				ALWAYS_SEARCH_USER_PATHS = NO;
				CLANG_CXX_LANGUAGE_STANDARD = "gnu++0x";
				CLANG_CXX_LIBRARY = "libc++";
				CLANG_ENABLE_MODULES = YES;
				CLANG_ENABLE_OBJC_ARC = YES;
				CLANG_WARN_BOOL_CONVERSION = YES;
				CLANG_WARN_CONSTANT_CONVERSION = YES;
				CLANG_WARN_DIRECT_OBJC_ISA_USAGE = YES_ERROR;
				CLANG_WARN_EMPTY_BODY = YES;
				CLANG_WARN_ENUM_CONVERSION = YES;
				CLANG_WARN_INT_CONVERSION = YES;
				CLANG_WARN_OBJC_ROOT_CLASS = YES_ERROR;
				CLANG_WARN_UNREACHABLE_CODE = YES;
				CLANG_WARN__DUPLICATE_METHOD_MATCH = YES;
				"CODE_SIGN_IDENTITY[sdk=iphoneos*]" = "iPhone Developer";
				COPY_PHASE_STRIP = NO;
				ENABLE_STRICT_OBJC_MSGSEND = YES;
				GCC_C_LANGUAGE_STANDARD = gnu99;
				GCC_DYNAMIC_NO_PIC = NO;
				GCC_OPTIMIZATION_LEVEL = 0;
				GCC_PREPROCESSOR_DEFINITIONS = (
					"DEBUG=1",
					"$(inherited)",
				);
				GCC_SYMBOLS_PRIVATE_EXTERN = NO;
				GCC_WARN_64_TO_32_BIT_CONVERSION = YES;
				GCC_WARN_ABOUT_RETURN_TYPE = YES_ERROR;
				GCC_WARN_UNDECLARED_SELECTOR = YES;
				GCC_WARN_UNINITIALIZED_AUTOS = YES_AGGRESSIVE;
				GCC_WARN_UNUSED_FUNCTION = YES;
				GCC_WARN_UNUSED_VARIABLE = YES;
				IPHONEOS_DEPLOYMENT_TARGET = 8.1;
				MTL_ENABLE_DEBUG_INFO = YES;
				ONLY_ACTIVE_ARCH = YES;
				SDKROOT = iphoneos;
			};
			name = Debug;
		};
		9ED69A2C1A9397E30010E52B /* Release */ = {
			isa = XCBuildConfiguration;
			buildSettings = {
				ALWAYS_SEARCH_USER_PATHS = NO;
				CLANG_CXX_LANGUAGE_STANDARD = "gnu++0x";
				CLANG_CXX_LIBRARY = "libc++";
				CLANG_ENABLE_MODULES = YES;
				CLANG_ENABLE_OBJC_ARC = YES;
				CLANG_WARN_BOOL_CONVERSION = YES;
				CLANG_WARN_CONSTANT_CONVERSION = YES;
				CLANG_WARN_DIRECT_OBJC_ISA_USAGE = YES_ERROR;
				CLANG_WARN_EMPTY_BODY = YES;
				CLANG_WARN_ENUM_CONVERSION = YES;
				CLANG_WARN_INT_CONVERSION = YES;
				CLANG_WARN_OBJC_ROOT_CLASS = YES_ERROR;
				CLANG_WARN_UNREACHABLE_CODE = YES;
				CLANG_WARN__DUPLICATE_METHOD_MATCH = YES;
				"CODE_SIGN_IDENTITY[sdk=iphoneos*]" = "iPhone Developer";
				COPY_PHASE_STRIP = YES;
				ENABLE_NS_ASSERTIONS = NO;
				ENABLE_STRICT_OBJC_MSGSEND = YES;
				GCC_C_LANGUAGE_STANDARD = gnu99;
				GCC_WARN_64_TO_32_BIT_CONVERSION = YES;
				GCC_WARN_ABOUT_RETURN_TYPE = YES_ERROR;
				GCC_WARN_UNDECLARED_SELECTOR = YES;
				GCC_WARN_UNINITIALIZED_AUTOS = YES_AGGRESSIVE;
				GCC_WARN_UNUSED_FUNCTION = YES;
				GCC_WARN_UNUSED_VARIABLE = YES;
				IPHONEOS_DEPLOYMENT_TARGET = 8.1;
				MTL_ENABLE_DEBUG_INFO = NO;
				SDKROOT = iphoneos;
				VALIDATE_PRODUCT = YES;
			};
			name = Release;
		};
		9ED69A2E1A9397E30010E52B /* Debug */ = {
			isa = XCBuildConfiguration;
			buildSettings = {
				ASSETCATALOG_COMPILER_APPICON_NAME = AppIcon;
				INFOPLIST_FILE = KozaModels/Info.plist;
				LD_RUNPATH_SEARCH_PATHS = "$(inherited) @executable_path/Frameworks";
				PRODUCT_NAME = "$(TARGET_NAME)";
			};
			name = Debug;
		};
		9ED69A2F1A9397E30010E52B /* Release */ = {
			isa = XCBuildConfiguration;
			buildSettings = {
				ASSETCATALOG_COMPILER_APPICON_NAME = AppIcon;
				INFOPLIST_FILE = KozaModels/Info.plist;
				LD_RUNPATH_SEARCH_PATHS = "$(inherited) @executable_path/Frameworks";
				PRODUCT_NAME = "$(TARGET_NAME)";
			};
			name = Release;
		};
		9ED69A311A9397E30010E52B /* Debug */ = {
			isa = XCBuildConfiguration;
			buildSettings = {
				BUNDLE_LOADER = "$(TEST_HOST)";
				FRAMEWORK_SEARCH_PATHS = (
					"$(SDKROOT)/Developer/Library/Frameworks",
					"$(inherited)",
				);
				GCC_PREPROCESSOR_DEFINITIONS = (
					"DEBUG=1",
					"$(inherited)",
				);
				INFOPLIST_FILE = KozaModelsTests/Info.plist;
				LD_RUNPATH_SEARCH_PATHS = "$(inherited) @executable_path/Frameworks @loader_path/Frameworks";
				PRODUCT_NAME = "$(TARGET_NAME)";
				TEST_HOST = "$(BUILT_PRODUCTS_DIR)/KozaModels.app/KozaModels";
			};
			name = Debug;
		};
		9ED69A321A9397E30010E52B /* Release */ = {
			isa = XCBuildConfiguration;
			buildSettings = {
				BUNDLE_LOADER = "$(TEST_HOST)";
				FRAMEWORK_SEARCH_PATHS = (
					"$(SDKROOT)/Developer/Library/Frameworks",
					"$(inherited)",
				);
				INFOPLIST_FILE = KozaModelsTests/Info.plist;
				LD_RUNPATH_SEARCH_PATHS = "$(inherited) @executable_path/Frameworks @loader_path/Frameworks";
				PRODUCT_NAME = "$(TARGET_NAME)";
				TEST_HOST = "$(BUILT_PRODUCTS_DIR)/KozaModels.app/KozaModels";
			};
			name = Release;
		};
/* End XCBuildConfiguration section */

/* Begin XCConfigurationList section */
		9ED69A051A9397E30010E52B /* Build configuration list for PBXProject "KozaModels" */ = {
			isa = XCConfigurationList;
			buildConfigurations = (
				9ED69A2B1A9397E30010E52B /* Debug */,
				9ED69A2C1A9397E30010E52B /* Release */,
			);
			defaultConfigurationIsVisible = 0;
			defaultConfigurationName = Release;
		};
		9ED69A2D1A9397E30010E52B /* Build configuration list for PBXNativeTarget "KozaModels" */ = {
			isa = XCConfigurationList;
			buildConfigurations = (
				9ED69A2E1A9397E30010E52B /* Debug */,
				9ED69A2F1A9397E30010E52B /* Release */,
			);
			defaultConfigurationIsVisible = 0;
		};
		9ED69A301A9397E30010E52B /* Build configuration list for PBXNativeTarget "KozaModelsTests" */ = {
			isa = XCConfigurationList;
			buildConfigurations = (
				9ED69A311A9397E30010E52B /* Debug */,
				9ED69A321A9397E30010E52B /* Release */,
			);
			defaultConfigurationIsVisible = 0;
		};
/* End XCConfigurationList section */
	};
	rootObject = 9ED69A021A9397E30010E52B /* Project object */;
}
